{
  "name": "wpt",
  "version": "0.0.5",
  "dependencies": {
    "webpagetest": {
      "version": "0.2.1",
      "from": "webpagetest@0.2.1",
      "resolved": "https://registry.npmjs.org/webpagetest/-/webpagetest-0.2.1.tgz",
      "dependencies": {
        "commander": {
          "version": "2.1.0",
          "from": "commander@~2.1.0"
        },
        "mocha": {
          "version": "1.17.1",
          "from": "mocha@~1.17.0",
          "dependencies": {
            "commander": {
              "version": "2.0.0",
              "from": "commander@2.0.0"
            },
            "growl": {
              "version": "1.7.0",
              "from": "growl@1.7.x"
            },
            "jade": {
              "version": "0.26.3",
              "from": "jade@0.26.3",
              "dependencies": {
                "commander": {
                  "version": "0.6.1",
                  "from": "commander@0.6.1"
                },
                "mkdirp": {
                  "version": "0.3.0",
                  "from": "mkdirp@0.3.0"
                }
              }
            },
            "diff": {
              "version": "1.0.7",
              "from": "diff@1.0.7"
            },
            "debug": {
              "version": "0.7.4",
              "from": "debug@*"
            },
            "mkdirp": {
              "version": "0.3.5",
              "from": "mkdirp@0.3.5"
            },
            "glob": {
              "version": "3.2.3",
              "from": "glob@3.2.3",
              "dependencies": {
                "minimatch": {
                  "version": "0.2.14",
                  "from": "minimatch@~0.2.11",
                  "dependencies": {
                    "lru-cache": {
                      "version": "2.5.0",
                      "from": "lru-cache@2"
                    },
                    "sigmund": {
                      "version": "1.0.0",
                      "from": "sigmund@~1.0.0"
                    }
                  }
                },
                "graceful-fs": {
                  "version": "2.0.1",
                  "from": "graceful-fs@~2.0.0"
                },
                "inherits": {
                  "version": "2.0.1",
                  "from": "inherits@2"
                }
              }
            }
          }
        },
        "xml2js": {
          "version": "0.4.1",
          "from": "xml2js@~0.4.1",
          "dependencies": {
            "sax": {
              "version": "0.5.8",
              "from": "sax@0.5.x"
            },
            "xmlbuilder": {
              "version": "2.1.0",
              "from": "xmlbuilder@>=0.4.2",
              "dependencies": {
                "underscore": {
                  "version": "1.5.2",
                  "from": "underscore@>=1.5.x"
                }
              }
            }
          }
        },
        "csv": {
          "version": "0.3.6",
          "from": "csv@~0.3.6"
        },
        "entities": {
          "version": "0.3.0",
          "from": "entities@~0.3.0"
        }
      }
    }
  }
}
