{
  "name": "wpt",
  "version": "0.0.2",
  "dependencies": {
    "webpagetest": {
      "version": "0.0.2",
      "dependencies": {
        "jsonml": {
          "version": "0.0.4",
          "dependencies": {
            "node-expat": {
              "version": "2.0.0"
            }
          }
        },
        "commander": {
          "version": "1.0.5",
          "dependencies": {
            "keypress": {
              "version": "0.1.0"
            }
          }
        }
      }
    }
  }
}
